
Microsoft Visual Studio Solution File, Format Version 12.00
# Visual Studio Version 17
VisualStudioVersion = 17.2.32526.322
MinimumVisualStudioVersion = 10.0.40219.1
Project("{FAE04EC0-301F-11D3-BF4B-00C04F79EFBC}") = "prueba", "prueba\prueba.csproj", "{EFBA5F68-FE2B-42CC-8D45-25E96F717E5A}"
EndProject
Global
	GlobalSection(SolutionConfigurationPlatforms) = preSolution
		Debug|Any CPU = Debug|Any CPU
		Release|Any CPU = Release|Any CPU
	EndGlobalSection
	GlobalSection(ProjectConfigurationPlatforms) = postSolution
		{EFBA5F68-FE2B-42CC-8D45-25E96F717E5A}.Debug|Any CPU.ActiveCfg = Debug|Any CPU
		{EFBA5F68-FE2B-42CC-8D45-25E96F717E5A}.Debug|Any CPU.Build.0 = Debug|Any CPU
		{EFBA5F68-FE2B-42CC-8D45-25E96F717E5A}.Release|Any CPU.ActiveCfg = Release|Any CPU
		{EFBA5F68-FE2B-42CC-8D45-25E96F717E5A}.Release|Any CPU.Build.0 = Release|Any CPU
	EndGlobalSection
	GlobalSection(SolutionProperties) = preSolution
		HideSolutionNode = FALSE
	EndGlobalSection
	GlobalSection(ExtensibilityGlobals) = postSolution
		SolutionGuid = {BFC6BBF9-C744-4A65-97CF-1914C8A24AED}
	EndGlobalSection
EndGlobal
